
Microsoft Visual Studio Solution File, Format Version 12.00
# Visual Studio Version 16
VisualStudioVersion = 16.0.31112.23
MinimumVisualStudioVersion = 10.0.40219.1
Project("{9A19103F-16F7-4668-BE54-9A1E7A4F7556}") = "DataStore.Service", "DataStore.Service\DataStore.Service.csproj", "{22BCDEC4-A675-46BE-86C4-B83AC4479425}"
EndProject
Project("{9A19103F-16F7-4668-BE54-9A1E7A4F7556}") = "DataStore", "DataStore\DataStore.csproj", "{8A2D47DF-BDC6-4AD6-BB51-63482182B999}"
EndProject
Project("{FAE04EC0-301F-11D3-BF4B-00C04F79EFBC}") = "DBStore", "DBStore\DBStore.csproj", "{BBEEF4C1-3F55-4D56-BC46-107316788D52}"
EndProject
Project("{FAE04EC0-301F-11D3-BF4B-00C04F79EFBC}") = "FileStore", "FileStore\FileStore.csproj", "{9CD0B128-E337-4F53-BB1B-61CDD7AA425F}"
EndProject
Project("{FAE04EC0-301F-11D3-BF4B-00C04F79EFBC}") = "DataStore.Resolver", "DataStore.Resolver\DataStore.Resolver.csproj", "{6553E535-9C2F-4B59-8682-5D95E95004AB}"
EndProject
Global
	GlobalSection(SolutionConfigurationPlatforms) = preSolution
		Debug|Any CPU = Debug|Any CPU
		Release|Any CPU = Release|Any CPU
	EndGlobalSection
	GlobalSection(ProjectConfigurationPlatforms) = postSolution
		{22BCDEC4-A675-46BE-86C4-B83AC4479425}.Debug|Any CPU.ActiveCfg = Debug|Any CPU
		{22BCDEC4-A675-46BE-86C4-B83AC4479425}.Debug|Any CPU.Build.0 = Debug|Any CPU
		{22BCDEC4-A675-46BE-86C4-B83AC4479425}.Release|Any CPU.ActiveCfg = Release|Any CPU
		{22BCDEC4-A675-46BE-86C4-B83AC4479425}.Release|Any CPU.Build.0 = Release|Any CPU
		{8A2D47DF-BDC6-4AD6-BB51-63482182B999}.Debug|Any CPU.ActiveCfg = Debug|Any CPU
		{8A2D47DF-BDC6-4AD6-BB51-63482182B999}.Debug|Any CPU.Build.0 = Debug|Any CPU
		{8A2D47DF-BDC6-4AD6-BB51-63482182B999}.Release|Any CPU.ActiveCfg = Release|Any CPU
		{8A2D47DF-BDC6-4AD6-BB51-63482182B999}.Release|Any CPU.Build.0 = Release|Any CPU
		{BBEEF4C1-3F55-4D56-BC46-107316788D52}.Debug|Any CPU.ActiveCfg = Debug|Any CPU
		{BBEEF4C1-3F55-4D56-BC46-107316788D52}.Debug|Any CPU.Build.0 = Debug|Any CPU
		{BBEEF4C1-3F55-4D56-BC46-107316788D52}.Release|Any CPU.ActiveCfg = Release|Any CPU
		{BBEEF4C1-3F55-4D56-BC46-107316788D52}.Release|Any CPU.Build.0 = Release|Any CPU
		{9CD0B128-E337-4F53-BB1B-61CDD7AA425F}.Debug|Any CPU.ActiveCfg = Debug|Any CPU
		{9CD0B128-E337-4F53-BB1B-61CDD7AA425F}.Debug|Any CPU.Build.0 = Debug|Any CPU
		{9CD0B128-E337-4F53-BB1B-61CDD7AA425F}.Release|Any CPU.ActiveCfg = Release|Any CPU
		{9CD0B128-E337-4F53-BB1B-61CDD7AA425F}.Release|Any CPU.Build.0 = Release|Any CPU
		{6553E535-9C2F-4B59-8682-5D95E95004AB}.Debug|Any CPU.ActiveCfg = Debug|Any CPU
		{6553E535-9C2F-4B59-8682-5D95E95004AB}.Debug|Any CPU.Build.0 = Debug|Any CPU
		{6553E535-9C2F-4B59-8682-5D95E95004AB}.Release|Any CPU.ActiveCfg = Release|Any CPU
		{6553E535-9C2F-4B59-8682-5D95E95004AB}.Release|Any CPU.Build.0 = Release|Any CPU
	EndGlobalSection
	GlobalSection(SolutionProperties) = preSolution
		HideSolutionNode = FALSE
	EndGlobalSection
	GlobalSection(ExtensibilityGlobals) = postSolution
		SolutionGuid = {F0CAC435-6E1E-4532-859E-7914A318E828}
	EndGlobalSection
EndGlobal
